
Microsoft Visual Studio Solution File, Format Version 12.00
# Visual Studio 15
VisualStudioVersion = 15.0.28307.572
MinimumVisualStudioVersion = 10.0.40219.1
Project("{FAE04EC0-301F-11D3-BF4B-00C04F79EFBC}") = "Calculator", "Calculator\Calculator.csproj", "{8C280DC3-CA90-4627-81CB-33DF1CFFAF9D}"
EndProject
Project("{FAE04EC0-301F-11D3-BF4B-00C04F79EFBC}") = "CashRegister.Unit", "CashRegister.Unit\CashRegister.Unit.csproj", "{2529CD37-827E-45B4-8F8D-AB9492274875}"
EndProject
Global
	GlobalSection(SolutionConfigurationPlatforms) = preSolution
		Debug|Any CPU = Debug|Any CPU
		Release|Any CPU = Release|Any CPU
	EndGlobalSection
	GlobalSection(ProjectConfigurationPlatforms) = postSolution
		{8C280DC3-CA90-4627-81CB-33DF1CFFAF9D}.Debug|Any CPU.ActiveCfg = Debug|Any CPU
		{8C280DC3-CA90-4627-81CB-33DF1CFFAF9D}.Debug|Any CPU.Build.0 = Debug|Any CPU
		{8C280DC3-CA90-4627-81CB-33DF1CFFAF9D}.Release|Any CPU.ActiveCfg = Release|Any CPU
		{8C280DC3-CA90-4627-81CB-33DF1CFFAF9D}.Release|Any CPU.Build.0 = Release|Any CPU
		{2529CD37-827E-45B4-8F8D-AB9492274875}.Debug|Any CPU.ActiveCfg = Debug|Any CPU
		{2529CD37-827E-45B4-8F8D-AB9492274875}.Debug|Any CPU.Build.0 = Debug|Any CPU
		{2529CD37-827E-45B4-8F8D-AB9492274875}.Release|Any CPU.ActiveCfg = Release|Any CPU
		{2529CD37-827E-45B4-8F8D-AB9492274875}.Release|Any CPU.Build.0 = Release|Any CPU
	EndGlobalSection
	GlobalSection(SolutionProperties) = preSolution
		HideSolutionNode = FALSE
	EndGlobalSection
	GlobalSection(ExtensibilityGlobals) = postSolution
		SolutionGuid = {2A183E6D-FBC0-4FBD-95DD-2B521DE3372D}
	EndGlobalSection
EndGlobal
